
Microsoft Visual Studio Solution File, Format Version 12.00
# Visual Studio Version 17
VisualStudioVersion = 17.0.31903.59
MinimumVisualStudioVersion = 10.0.40219.1
Project("{9A19103F-16F7-4668-BE54-9A1E7A4F7556}") = "LinkStand", "LinkStand\LinkStand.csproj", "{23604A4C-A805-4270-948E-F3E074EFE889}"
EndProject
Project("{2150E333-8FDC-42A3-9474-1A3956D46DE8}") = "Solution Items", "Solution Items", "{4CFAE941-3D2B-4D48-A124-4A367A8B7754}"
	ProjectSection(SolutionItems) = preProject
		.dockerignore = .dockerignore
		.editorconfig = .editorconfig
		..\.gitignore = ..\.gitignore
		LinkStand\Dockerfile = LinkStand\Dockerfile
		..\.github\workflows\fly.yml = ..\.github\workflows\fly.yml
		..\LICENSE = ..\LICENSE
		..\README.md = ..\README.md
	EndProjectSection
EndProject
Project("{2150E333-8FDC-42A3-9474-1A3956D46DE8}") = "Scripts", "Scripts", "{AA27E740-71A3-4BA0-9E7F-13D1247E25D2}"
EndProject
Project("{2150E333-8FDC-42A3-9474-1A3956D46DE8}") = "fly", "fly", "{1F8E4A33-0435-452D-9E3E-29EB62FEF9AD}"
	ProjectSection(SolutionItems) = preProject
		..\scripts\fly\deploy.ps1 = ..\scripts\fly\deploy.ps1
		..\scripts\fly\fly.toml = ..\scripts\fly\fly.toml
		..\scripts\fly\launch.ps1 = ..\scripts\fly\launch.ps1
	EndProjectSection
EndProject
Global
	GlobalSection(SolutionConfigurationPlatforms) = preSolution
		Debug|Any CPU = Debug|Any CPU
		Release|Any CPU = Release|Any CPU
	EndGlobalSection
	GlobalSection(ProjectConfigurationPlatforms) = postSolution
		{23604A4C-A805-4270-948E-F3E074EFE889}.Debug|Any CPU.ActiveCfg = Debug|Any CPU
		{23604A4C-A805-4270-948E-F3E074EFE889}.Debug|Any CPU.Build.0 = Debug|Any CPU
		{23604A4C-A805-4270-948E-F3E074EFE889}.Release|Any CPU.ActiveCfg = Release|Any CPU
		{23604A4C-A805-4270-948E-F3E074EFE889}.Release|Any CPU.Build.0 = Release|Any CPU
	EndGlobalSection
	GlobalSection(SolutionProperties) = preSolution
		HideSolutionNode = FALSE
	EndGlobalSection
	GlobalSection(NestedProjects) = preSolution
		{1F8E4A33-0435-452D-9E3E-29EB62FEF9AD} = {AA27E740-71A3-4BA0-9E7F-13D1247E25D2}
	EndGlobalSection
	GlobalSection(ExtensibilityGlobals) = postSolution
		SolutionGuid = {344CB8BC-AF70-4868-907B-BEB831DE3726}
	EndGlobalSection
EndGlobal
